
Microsoft Visual Studio Solution File, Format Version 12.00
# Visual Studio Version 17
VisualStudioVersion = 17.3.32922.545
MinimumVisualStudioVersion = 10.0.40219.1
Project("{FAE04EC0-301F-11D3-BF4B-00C04F79EFBC}") = "welcome msg", "welcome msg.csproj", "{A10930D8-8EEE-43BC-A44C-9FE3F8E0CF81}"
EndProject
Global
	GlobalSection(SolutionConfigurationPlatforms) = preSolution
		Debug|Any CPU = Debug|Any CPU
		Release|Any CPU = Release|Any CPU
	EndGlobalSection
	GlobalSection(ProjectConfigurationPlatforms) = postSolution
		{A10930D8-8EEE-43BC-A44C-9FE3F8E0CF81}.Debug|Any CPU.ActiveCfg = Debug|Any CPU
		{A10930D8-8EEE-43BC-A44C-9FE3F8E0CF81}.Debug|Any CPU.Build.0 = Debug|Any CPU
		{A10930D8-8EEE-43BC-A44C-9FE3F8E0CF81}.Release|Any CPU.ActiveCfg = Release|Any CPU
		{A10930D8-8EEE-43BC-A44C-9FE3F8E0CF81}.Release|Any CPU.Build.0 = Release|Any CPU
	EndGlobalSection
	GlobalSection(SolutionProperties) = preSolution
		HideSolutionNode = FALSE
	EndGlobalSection
	GlobalSection(ExtensibilityGlobals) = postSolution
		SolutionGuid = {21F46C5C-D11A-4E68-B981-C108223E74CE}
	EndGlobalSection
EndGlobal
