
Microsoft Visual Studio Solution File, Format Version 12.00
# Visual Studio Version 17
VisualStudioVersion = 17.3.32929.385
MinimumVisualStudioVersion = 10.0.40219.1
Project("{FAE04EC0-301F-11D3-BF4B-00C04F79EFBC}") = "07 exceptions", "07 exceptions.csproj", "{AE1361BB-E0B1-4A92-BB6B-B47B490C1CB0}"
EndProject
Global
	GlobalSection(SolutionConfigurationPlatforms) = preSolution
		Debug|Any CPU = Debug|Any CPU
		Release|Any CPU = Release|Any CPU
	EndGlobalSection
	GlobalSection(ProjectConfigurationPlatforms) = postSolution
		{AE1361BB-E0B1-4A92-BB6B-B47B490C1CB0}.Debug|Any CPU.ActiveCfg = Debug|Any CPU
		{AE1361BB-E0B1-4A92-BB6B-B47B490C1CB0}.Debug|Any CPU.Build.0 = Debug|Any CPU
		{AE1361BB-E0B1-4A92-BB6B-B47B490C1CB0}.Release|Any CPU.ActiveCfg = Release|Any CPU
		{AE1361BB-E0B1-4A92-BB6B-B47B490C1CB0}.Release|Any CPU.Build.0 = Release|Any CPU
	EndGlobalSection
	GlobalSection(SolutionProperties) = preSolution
		HideSolutionNode = FALSE
	EndGlobalSection
	GlobalSection(ExtensibilityGlobals) = postSolution
		SolutionGuid = {3BF29E69-01A8-480A-A6D8-A01712BCDC9A}
	EndGlobalSection
EndGlobal
