
Microsoft Visual Studio Solution File, Format Version 12.00
# Visual Studio Version 17
VisualStudioVersion = 17.3.32929.385
MinimumVisualStudioVersion = 10.0.40219.1
Project("{FAE04EC0-301F-11D3-BF4B-00C04F79EFBC}") = "Smallest", "Smallest.csproj", "{7A6FE2AC-DD4D-4DF0-9DB2-D56533138510}"
EndProject
Global
	GlobalSection(SolutionConfigurationPlatforms) = preSolution
		Debug|Any CPU = Debug|Any CPU
		Release|Any CPU = Release|Any CPU
	EndGlobalSection
	GlobalSection(ProjectConfigurationPlatforms) = postSolution
		{7A6FE2AC-DD4D-4DF0-9DB2-D56533138510}.Debug|Any CPU.ActiveCfg = Debug|Any CPU
		{7A6FE2AC-DD4D-4DF0-9DB2-D56533138510}.Debug|Any CPU.Build.0 = Debug|Any CPU
		{7A6FE2AC-DD4D-4DF0-9DB2-D56533138510}.Release|Any CPU.ActiveCfg = Release|Any CPU
		{7A6FE2AC-DD4D-4DF0-9DB2-D56533138510}.Release|Any CPU.Build.0 = Release|Any CPU
	EndGlobalSection
	GlobalSection(SolutionProperties) = preSolution
		HideSolutionNode = FALSE
	EndGlobalSection
	GlobalSection(ExtensibilityGlobals) = postSolution
		SolutionGuid = {1BE496FE-9403-452C-8EF6-3FACF5B067B0}
	EndGlobalSection
EndGlobal
