
Microsoft Visual Studio Solution File, Format Version 12.00
# Visual Studio Version 17
VisualStudioVersion = 17.3.32922.545
MinimumVisualStudioVersion = 10.0.40219.1
Project("{FAE04EC0-301F-11D3-BF4B-00C04F79EFBC}") = "even", "even.csproj", "{9758B147-F417-4642-8967-E45C58EA2A85}"
EndProject
Global
	GlobalSection(SolutionConfigurationPlatforms) = preSolution
		Debug|Any CPU = Debug|Any CPU
		Release|Any CPU = Release|Any CPU
	EndGlobalSection
	GlobalSection(ProjectConfigurationPlatforms) = postSolution
		{9758B147-F417-4642-8967-E45C58EA2A85}.Debug|Any CPU.ActiveCfg = Debug|Any CPU
		{9758B147-F417-4642-8967-E45C58EA2A85}.Debug|Any CPU.Build.0 = Debug|Any CPU
		{9758B147-F417-4642-8967-E45C58EA2A85}.Release|Any CPU.ActiveCfg = Release|Any CPU
		{9758B147-F417-4642-8967-E45C58EA2A85}.Release|Any CPU.Build.0 = Release|Any CPU
	EndGlobalSection
	GlobalSection(SolutionProperties) = preSolution
		HideSolutionNode = FALSE
	EndGlobalSection
	GlobalSection(ExtensibilityGlobals) = postSolution
		SolutionGuid = {09F4A387-69D3-446F-9D81-5B13BF6668CA}
	EndGlobalSection
EndGlobal
