
Microsoft Visual Studio Solution File, Format Version 12.00
# Visual Studio Version 17
VisualStudioVersion = 17.3.32922.545
MinimumVisualStudioVersion = 10.0.40219.1
Project("{FAE04EC0-301F-11D3-BF4B-00C04F79EFBC}") = "Negative", "Negative.csproj", "{06C07224-19B6-4453-954A-8AEF856D658C}"
EndProject
Global
	GlobalSection(SolutionConfigurationPlatforms) = preSolution
		Debug|Any CPU = Debug|Any CPU
		Release|Any CPU = Release|Any CPU
	EndGlobalSection
	GlobalSection(ProjectConfigurationPlatforms) = postSolution
		{06C07224-19B6-4453-954A-8AEF856D658C}.Debug|Any CPU.ActiveCfg = Debug|Any CPU
		{06C07224-19B6-4453-954A-8AEF856D658C}.Debug|Any CPU.Build.0 = Debug|Any CPU
		{06C07224-19B6-4453-954A-8AEF856D658C}.Release|Any CPU.ActiveCfg = Release|Any CPU
		{06C07224-19B6-4453-954A-8AEF856D658C}.Release|Any CPU.Build.0 = Release|Any CPU
	EndGlobalSection
	GlobalSection(SolutionProperties) = preSolution
		HideSolutionNode = FALSE
	EndGlobalSection
	GlobalSection(ExtensibilityGlobals) = postSolution
		SolutionGuid = {DFFAE9D4-CCFD-4818-970D-1337DEDF9B59}
	EndGlobalSection
EndGlobal
