
Microsoft Visual Studio Solution File, Format Version 12.00
# Visual Studio Version 17
VisualStudioVersion = 17.4.33103.184
MinimumVisualStudioVersion = 10.0.40219.1
Project("{FAE04EC0-301F-11D3-BF4B-00C04F79EFBC}") = "dictionaries", "dictionaries.csproj", "{0DACF733-F5FB-4B80-811A-DCCF3352C1FF}"
EndProject
Global
	GlobalSection(SolutionConfigurationPlatforms) = preSolution
		Debug|Any CPU = Debug|Any CPU
		Release|Any CPU = Release|Any CPU
	EndGlobalSection
	GlobalSection(ProjectConfigurationPlatforms) = postSolution
		{0DACF733-F5FB-4B80-811A-DCCF3352C1FF}.Debug|Any CPU.ActiveCfg = Debug|Any CPU
		{0DACF733-F5FB-4B80-811A-DCCF3352C1FF}.Debug|Any CPU.Build.0 = Debug|Any CPU
		{0DACF733-F5FB-4B80-811A-DCCF3352C1FF}.Release|Any CPU.ActiveCfg = Release|Any CPU
		{0DACF733-F5FB-4B80-811A-DCCF3352C1FF}.Release|Any CPU.Build.0 = Release|Any CPU
	EndGlobalSection
	GlobalSection(SolutionProperties) = preSolution
		HideSolutionNode = FALSE
	EndGlobalSection
	GlobalSection(ExtensibilityGlobals) = postSolution
		SolutionGuid = {7F704A3A-8231-4A1B-987C-0C28233FED87}
	EndGlobalSection
EndGlobal
