
Microsoft Visual Studio Solution File, Format Version 12.00
# Visual Studio Version 17
VisualStudioVersion = 17.4.33103.184
MinimumVisualStudioVersion = 10.0.40219.1
Project("{FAE04EC0-301F-11D3-BF4B-00C04F79EFBC}") = "Symmetric Array", "Symmetric Array.csproj", "{1613610F-1DD5-4FA3-8ED9-F14DA86A1105}"
EndProject
Global
	GlobalSection(SolutionConfigurationPlatforms) = preSolution
		Debug|Any CPU = Debug|Any CPU
		Release|Any CPU = Release|Any CPU
	EndGlobalSection
	GlobalSection(ProjectConfigurationPlatforms) = postSolution
		{1613610F-1DD5-4FA3-8ED9-F14DA86A1105}.Debug|Any CPU.ActiveCfg = Debug|Any CPU
		{1613610F-1DD5-4FA3-8ED9-F14DA86A1105}.Debug|Any CPU.Build.0 = Debug|Any CPU
		{1613610F-1DD5-4FA3-8ED9-F14DA86A1105}.Release|Any CPU.ActiveCfg = Release|Any CPU
		{1613610F-1DD5-4FA3-8ED9-F14DA86A1105}.Release|Any CPU.Build.0 = Release|Any CPU
	EndGlobalSection
	GlobalSection(SolutionProperties) = preSolution
		HideSolutionNode = FALSE
	EndGlobalSection
	GlobalSection(ExtensibilityGlobals) = postSolution
		SolutionGuid = {2F0EA8BB-844B-4744-B9BF-EC451B6F3ADB}
	EndGlobalSection
EndGlobal
