
Microsoft Visual Studio Solution File, Format Version 12.00
# Visual Studio Version 17
VisualStudioVersion = 17.3.32929.385
MinimumVisualStudioVersion = 10.0.40219.1
Project("{FAE04EC0-301F-11D3-BF4B-00C04F79EFBC}") = "Second", "Second.csproj", "{01BE41E7-66A3-4C14-A0EC-2585EB15D35F}"
EndProject
Global
	GlobalSection(SolutionConfigurationPlatforms) = preSolution
		Debug|Any CPU = Debug|Any CPU
		Release|Any CPU = Release|Any CPU
	EndGlobalSection
	GlobalSection(ProjectConfigurationPlatforms) = postSolution
		{01BE41E7-66A3-4C14-A0EC-2585EB15D35F}.Debug|Any CPU.ActiveCfg = Debug|Any CPU
		{01BE41E7-66A3-4C14-A0EC-2585EB15D35F}.Debug|Any CPU.Build.0 = Debug|Any CPU
		{01BE41E7-66A3-4C14-A0EC-2585EB15D35F}.Release|Any CPU.ActiveCfg = Release|Any CPU
		{01BE41E7-66A3-4C14-A0EC-2585EB15D35F}.Release|Any CPU.Build.0 = Release|Any CPU
	EndGlobalSection
	GlobalSection(SolutionProperties) = preSolution
		HideSolutionNode = FALSE
	EndGlobalSection
	GlobalSection(ExtensibilityGlobals) = postSolution
		SolutionGuid = {707F22A4-39B7-41A6-A8F6-ACF867B53898}
	EndGlobalSection
EndGlobal
