
Microsoft Visual Studio Solution File, Format Version 12.00
# Visual Studio Version 17
VisualStudioVersion = 17.3.32929.385
MinimumVisualStudioVersion = 10.0.40219.1
Project("{FAE04EC0-301F-11D3-BF4B-00C04F79EFBC}") = "sadman", "sadman.csproj", "{628F461A-D4E2-42B2-9184-D534B7906E0C}"
EndProject
Global
	GlobalSection(SolutionConfigurationPlatforms) = preSolution
		Debug|Any CPU = Debug|Any CPU
		Release|Any CPU = Release|Any CPU
	EndGlobalSection
	GlobalSection(ProjectConfigurationPlatforms) = postSolution
		{628F461A-D4E2-42B2-9184-D534B7906E0C}.Debug|Any CPU.ActiveCfg = Debug|Any CPU
		{628F461A-D4E2-42B2-9184-D534B7906E0C}.Debug|Any CPU.Build.0 = Debug|Any CPU
		{628F461A-D4E2-42B2-9184-D534B7906E0C}.Release|Any CPU.ActiveCfg = Release|Any CPU
		{628F461A-D4E2-42B2-9184-D534B7906E0C}.Release|Any CPU.Build.0 = Release|Any CPU
	EndGlobalSection
	GlobalSection(SolutionProperties) = preSolution
		HideSolutionNode = FALSE
	EndGlobalSection
	GlobalSection(ExtensibilityGlobals) = postSolution
		SolutionGuid = {83EA9AC3-61BD-4BC3-BCDD-5436932307D1}
	EndGlobalSection
EndGlobal
