
Microsoft Visual Studio Solution File, Format Version 12.00
# Visual Studio Version 17
VisualStudioVersion = 17.4.33103.184
MinimumVisualStudioVersion = 10.0.40219.1
Project("{FAE04EC0-301F-11D3-BF4B-00C04F79EFBC}") = "reverseArray", "reverseArray.csproj", "{D1499174-314B-41F8-99D3-6830B793FBCA}"
EndProject
Global
	GlobalSection(SolutionConfigurationPlatforms) = preSolution
		Debug|Any CPU = Debug|Any CPU
		Release|Any CPU = Release|Any CPU
	EndGlobalSection
	GlobalSection(ProjectConfigurationPlatforms) = postSolution
		{D1499174-314B-41F8-99D3-6830B793FBCA}.Debug|Any CPU.ActiveCfg = Debug|Any CPU
		{D1499174-314B-41F8-99D3-6830B793FBCA}.Debug|Any CPU.Build.0 = Debug|Any CPU
		{D1499174-314B-41F8-99D3-6830B793FBCA}.Release|Any CPU.ActiveCfg = Release|Any CPU
		{D1499174-314B-41F8-99D3-6830B793FBCA}.Release|Any CPU.Build.0 = Release|Any CPU
	EndGlobalSection
	GlobalSection(SolutionProperties) = preSolution
		HideSolutionNode = FALSE
	EndGlobalSection
	GlobalSection(ExtensibilityGlobals) = postSolution
		SolutionGuid = {72D1B541-7EBA-45FC-9DF7-F9E945ACD434}
	EndGlobalSection
EndGlobal
