
Microsoft Visual Studio Solution File, Format Version 12.00
# Visual Studio Version 17
VisualStudioVersion = 17.3.32929.385
MinimumVisualStudioVersion = 10.0.40219.1
Project("{FAE04EC0-301F-11D3-BF4B-00C04F79EFBC}") = "Next_Fibonacci", "Next_Fibonacci.csproj", "{010A9114-5C98-48A1-8887-E78B5CEA0786}"
EndProject
Global
	GlobalSection(SolutionConfigurationPlatforms) = preSolution
		Debug|Any CPU = Debug|Any CPU
		Release|Any CPU = Release|Any CPU
	EndGlobalSection
	GlobalSection(ProjectConfigurationPlatforms) = postSolution
		{010A9114-5C98-48A1-8887-E78B5CEA0786}.Debug|Any CPU.ActiveCfg = Debug|Any CPU
		{010A9114-5C98-48A1-8887-E78B5CEA0786}.Debug|Any CPU.Build.0 = Debug|Any CPU
		{010A9114-5C98-48A1-8887-E78B5CEA0786}.Release|Any CPU.ActiveCfg = Release|Any CPU
		{010A9114-5C98-48A1-8887-E78B5CEA0786}.Release|Any CPU.Build.0 = Release|Any CPU
	EndGlobalSection
	GlobalSection(SolutionProperties) = preSolution
		HideSolutionNode = FALSE
	EndGlobalSection
	GlobalSection(ExtensibilityGlobals) = postSolution
		SolutionGuid = {5598B661-F2E3-46B0-A1FD-D7A299A47C49}
	EndGlobalSection
EndGlobal
