
Microsoft Visual Studio Solution File, Format Version 12.00
# Visual Studio Version 17
VisualStudioVersion = 17.3.32922.545
MinimumVisualStudioVersion = 10.0.40219.1
Project("{FAE04EC0-301F-11D3-BF4B-00C04F79EFBC}") = "04loops", "04loops.csproj", "{2C84BDDC-006C-45E1-BA0E-AD1453A1C309}"
EndProject
Global
	GlobalSection(SolutionConfigurationPlatforms) = preSolution
		Debug|Any CPU = Debug|Any CPU
		Release|Any CPU = Release|Any CPU
	EndGlobalSection
	GlobalSection(ProjectConfigurationPlatforms) = postSolution
		{2C84BDDC-006C-45E1-BA0E-AD1453A1C309}.Debug|Any CPU.ActiveCfg = Debug|Any CPU
		{2C84BDDC-006C-45E1-BA0E-AD1453A1C309}.Debug|Any CPU.Build.0 = Debug|Any CPU
		{2C84BDDC-006C-45E1-BA0E-AD1453A1C309}.Release|Any CPU.ActiveCfg = Release|Any CPU
		{2C84BDDC-006C-45E1-BA0E-AD1453A1C309}.Release|Any CPU.Build.0 = Release|Any CPU
	EndGlobalSection
	GlobalSection(SolutionProperties) = preSolution
		HideSolutionNode = FALSE
	EndGlobalSection
	GlobalSection(ExtensibilityGlobals) = postSolution
		SolutionGuid = {3AA3B95C-3E1F-40D1-92D2-063F669E4C05}
	EndGlobalSection
EndGlobal
