
Microsoft Visual Studio Solution File, Format Version 12.00
# Visual Studio Version 17
VisualStudioVersion = 17.4.33103.184
MinimumVisualStudioVersion = 10.0.40219.1
Project("{FAE04EC0-301F-11D3-BF4B-00C04F79EFBC}") = "Longest isogram", "Longest isogram.csproj", "{7D0A69B3-A1AB-495D-8506-FF6C4AB3F7CA}"
EndProject
Global
	GlobalSection(SolutionConfigurationPlatforms) = preSolution
		Debug|Any CPU = Debug|Any CPU
		Release|Any CPU = Release|Any CPU
	EndGlobalSection
	GlobalSection(ProjectConfigurationPlatforms) = postSolution
		{7D0A69B3-A1AB-495D-8506-FF6C4AB3F7CA}.Debug|Any CPU.ActiveCfg = Debug|Any CPU
		{7D0A69B3-A1AB-495D-8506-FF6C4AB3F7CA}.Debug|Any CPU.Build.0 = Debug|Any CPU
		{7D0A69B3-A1AB-495D-8506-FF6C4AB3F7CA}.Release|Any CPU.ActiveCfg = Release|Any CPU
		{7D0A69B3-A1AB-495D-8506-FF6C4AB3F7CA}.Release|Any CPU.Build.0 = Release|Any CPU
	EndGlobalSection
	GlobalSection(SolutionProperties) = preSolution
		HideSolutionNode = FALSE
	EndGlobalSection
	GlobalSection(ExtensibilityGlobals) = postSolution
		SolutionGuid = {BF7081B8-89C2-4B1B-B33B-64AA5AF2EACD}
	EndGlobalSection
EndGlobal
