
Microsoft Visual Studio Solution File, Format Version 12.00
# Visual Studio Version 17
VisualStudioVersion = 17.3.32929.385
MinimumVisualStudioVersion = 10.0.40219.1
Project("{FAE04EC0-301F-11D3-BF4B-00C04F79EFBC}") = "Harmonic_series", "Harmonic_series.csproj", "{09497965-9303-4B35-AC19-57B9F15E7C59}"
EndProject
Global
	GlobalSection(SolutionConfigurationPlatforms) = preSolution
		Debug|Any CPU = Debug|Any CPU
		Release|Any CPU = Release|Any CPU
	EndGlobalSection
	GlobalSection(ProjectConfigurationPlatforms) = postSolution
		{09497965-9303-4B35-AC19-57B9F15E7C59}.Debug|Any CPU.ActiveCfg = Debug|Any CPU
		{09497965-9303-4B35-AC19-57B9F15E7C59}.Debug|Any CPU.Build.0 = Debug|Any CPU
		{09497965-9303-4B35-AC19-57B9F15E7C59}.Release|Any CPU.ActiveCfg = Release|Any CPU
		{09497965-9303-4B35-AC19-57B9F15E7C59}.Release|Any CPU.Build.0 = Release|Any CPU
	EndGlobalSection
	GlobalSection(SolutionProperties) = preSolution
		HideSolutionNode = FALSE
	EndGlobalSection
	GlobalSection(ExtensibilityGlobals) = postSolution
		SolutionGuid = {198F6DAB-FA5B-4ED5-B9CF-9B68F200DAC1}
	EndGlobalSection
EndGlobal
