
Microsoft Visual Studio Solution File, Format Version 12.00
# Visual Studio Version 17
VisualStudioVersion = 17.3.32929.385
MinimumVisualStudioVersion = 10.0.40219.1
Project("{FAE04EC0-301F-11D3-BF4B-00C04F79EFBC}") = "06Array", "06Array.csproj", "{E339CCFC-A1A4-4396-88C5-5E31F80F473D}"
EndProject
Global
	GlobalSection(SolutionConfigurationPlatforms) = preSolution
		Debug|Any CPU = Debug|Any CPU
		Release|Any CPU = Release|Any CPU
	EndGlobalSection
	GlobalSection(ProjectConfigurationPlatforms) = postSolution
		{E339CCFC-A1A4-4396-88C5-5E31F80F473D}.Debug|Any CPU.ActiveCfg = Debug|Any CPU
		{E339CCFC-A1A4-4396-88C5-5E31F80F473D}.Debug|Any CPU.Build.0 = Debug|Any CPU
		{E339CCFC-A1A4-4396-88C5-5E31F80F473D}.Release|Any CPU.ActiveCfg = Release|Any CPU
		{E339CCFC-A1A4-4396-88C5-5E31F80F473D}.Release|Any CPU.Build.0 = Release|Any CPU
	EndGlobalSection
	GlobalSection(SolutionProperties) = preSolution
		HideSolutionNode = FALSE
	EndGlobalSection
	GlobalSection(ExtensibilityGlobals) = postSolution
		SolutionGuid = {6DDEAEF6-F406-4B4A-AF5A-325E6EC37164}
	EndGlobalSection
EndGlobal
