
Microsoft Visual Studio Solution File, Format Version 12.00
# Visual Studio Version 17
VisualStudioVersion = 17.3.32922.545
MinimumVisualStudioVersion = 10.0.40219.1
Project("{FAE04EC0-301F-11D3-BF4B-00C04F79EFBC}") = "Curzon", "Curzon.csproj", "{C2A60B88-0FA0-461F-8CCE-D907D957455D}"
EndProject
Global
	GlobalSection(SolutionConfigurationPlatforms) = preSolution
		Debug|Any CPU = Debug|Any CPU
		Release|Any CPU = Release|Any CPU
	EndGlobalSection
	GlobalSection(ProjectConfigurationPlatforms) = postSolution
		{C2A60B88-0FA0-461F-8CCE-D907D957455D}.Debug|Any CPU.ActiveCfg = Debug|Any CPU
		{C2A60B88-0FA0-461F-8CCE-D907D957455D}.Debug|Any CPU.Build.0 = Debug|Any CPU
		{C2A60B88-0FA0-461F-8CCE-D907D957455D}.Release|Any CPU.ActiveCfg = Release|Any CPU
		{C2A60B88-0FA0-461F-8CCE-D907D957455D}.Release|Any CPU.Build.0 = Release|Any CPU
	EndGlobalSection
	GlobalSection(SolutionProperties) = preSolution
		HideSolutionNode = FALSE
	EndGlobalSection
	GlobalSection(ExtensibilityGlobals) = postSolution
		SolutionGuid = {2D67220B-1A7E-4547-9723-55AD9D9B9261}
	EndGlobalSection
EndGlobal
