
Microsoft Visual Studio Solution File, Format Version 12.00
# Visual Studio Version 17
VisualStudioVersion = 17.4.33103.184
MinimumVisualStudioVersion = 10.0.40219.1
Project("{FAE04EC0-301F-11D3-BF4B-00C04F79EFBC}") = "05 word nest", "05 word nest.csproj", "{BAF2CF44-D952-4772-9A51-5F8A9DA18D94}"
EndProject
Global
	GlobalSection(SolutionConfigurationPlatforms) = preSolution
		Debug|Any CPU = Debug|Any CPU
		Release|Any CPU = Release|Any CPU
	EndGlobalSection
	GlobalSection(ProjectConfigurationPlatforms) = postSolution
		{BAF2CF44-D952-4772-9A51-5F8A9DA18D94}.Debug|Any CPU.ActiveCfg = Debug|Any CPU
		{BAF2CF44-D952-4772-9A51-5F8A9DA18D94}.Debug|Any CPU.Build.0 = Debug|Any CPU
		{BAF2CF44-D952-4772-9A51-5F8A9DA18D94}.Release|Any CPU.ActiveCfg = Release|Any CPU
		{BAF2CF44-D952-4772-9A51-5F8A9DA18D94}.Release|Any CPU.Build.0 = Release|Any CPU
	EndGlobalSection
	GlobalSection(SolutionProperties) = preSolution
		HideSolutionNode = FALSE
	EndGlobalSection
	GlobalSection(ExtensibilityGlobals) = postSolution
		SolutionGuid = {3E40C76C-1478-49FC-AF53-EC3A1FFFD1E8}
	EndGlobalSection
EndGlobal
