
Microsoft Visual Studio Solution File, Format Version 12.00
# Visual Studio Version 17
VisualStudioVersion = 17.4.33103.184
MinimumVisualStudioVersion = 10.0.40219.1
Project("{FAE04EC0-301F-11D3-BF4B-00C04F79EFBC}") = "Emordnilap", "Emordnilap.csproj", "{596A7B4A-3EF5-40CC-BE01-3142BC3D2888}"
EndProject
Global
	GlobalSection(SolutionConfigurationPlatforms) = preSolution
		Debug|Any CPU = Debug|Any CPU
		Release|Any CPU = Release|Any CPU
	EndGlobalSection
	GlobalSection(ProjectConfigurationPlatforms) = postSolution
		{596A7B4A-3EF5-40CC-BE01-3142BC3D2888}.Debug|Any CPU.ActiveCfg = Debug|Any CPU
		{596A7B4A-3EF5-40CC-BE01-3142BC3D2888}.Debug|Any CPU.Build.0 = Debug|Any CPU
		{596A7B4A-3EF5-40CC-BE01-3142BC3D2888}.Release|Any CPU.ActiveCfg = Release|Any CPU
		{596A7B4A-3EF5-40CC-BE01-3142BC3D2888}.Release|Any CPU.Build.0 = Release|Any CPU
	EndGlobalSection
	GlobalSection(SolutionProperties) = preSolution
		HideSolutionNode = FALSE
	EndGlobalSection
	GlobalSection(ExtensibilityGlobals) = postSolution
		SolutionGuid = {B555C2ED-A0AD-497B-B6D8-11531C027937}
	EndGlobalSection
EndGlobal
