
Microsoft Visual Studio Solution File, Format Version 12.00
# Visual Studio Version 17
VisualStudioVersion = 17.3.32922.545
MinimumVisualStudioVersion = 10.0.40219.1
Project("{FAE04EC0-301F-11D3-BF4B-00C04F79EFBC}") = "04square", "04square.csproj", "{7F669324-8FF7-4225-9B1B-8F51BFD81119}"
EndProject
Global
	GlobalSection(SolutionConfigurationPlatforms) = preSolution
		Debug|Any CPU = Debug|Any CPU
		Release|Any CPU = Release|Any CPU
	EndGlobalSection
	GlobalSection(ProjectConfigurationPlatforms) = postSolution
		{7F669324-8FF7-4225-9B1B-8F51BFD81119}.Debug|Any CPU.ActiveCfg = Debug|Any CPU
		{7F669324-8FF7-4225-9B1B-8F51BFD81119}.Debug|Any CPU.Build.0 = Debug|Any CPU
		{7F669324-8FF7-4225-9B1B-8F51BFD81119}.Release|Any CPU.ActiveCfg = Release|Any CPU
		{7F669324-8FF7-4225-9B1B-8F51BFD81119}.Release|Any CPU.Build.0 = Release|Any CPU
	EndGlobalSection
	GlobalSection(SolutionProperties) = preSolution
		HideSolutionNode = FALSE
	EndGlobalSection
	GlobalSection(ExtensibilityGlobals) = postSolution
		SolutionGuid = {B04087AB-8E67-431E-9EAF-0477E2FB3B9C}
	EndGlobalSection
EndGlobal
