
Microsoft Visual Studio Solution File, Format Version 12.00
# Visual Studio Version 17
VisualStudioVersion = 17.3.32929.385
MinimumVisualStudioVersion = 10.0.40219.1
Project("{FAE04EC0-301F-11D3-BF4B-00C04F79EFBC}") = "Missing", "Missing.csproj", "{90F3D006-4828-4CAD-9870-52D26F2201B7}"
EndProject
Global
	GlobalSection(SolutionConfigurationPlatforms) = preSolution
		Debug|Any CPU = Debug|Any CPU
		Release|Any CPU = Release|Any CPU
	EndGlobalSection
	GlobalSection(ProjectConfigurationPlatforms) = postSolution
		{90F3D006-4828-4CAD-9870-52D26F2201B7}.Debug|Any CPU.ActiveCfg = Debug|Any CPU
		{90F3D006-4828-4CAD-9870-52D26F2201B7}.Debug|Any CPU.Build.0 = Debug|Any CPU
		{90F3D006-4828-4CAD-9870-52D26F2201B7}.Release|Any CPU.ActiveCfg = Release|Any CPU
		{90F3D006-4828-4CAD-9870-52D26F2201B7}.Release|Any CPU.Build.0 = Release|Any CPU
	EndGlobalSection
	GlobalSection(SolutionProperties) = preSolution
		HideSolutionNode = FALSE
	EndGlobalSection
	GlobalSection(ExtensibilityGlobals) = postSolution
		SolutionGuid = {EB0BC639-BA92-440F-8A71-C08B9C3101E6}
	EndGlobalSection
EndGlobal
